
Microsoft Visual Studio Solution File, Format Version 12.00
# Visual Studio 14
VisualStudioVersion = 14.0.25420.1
MinimumVisualStudioVersion = 10.0.40219.1
Project("{FAE04EC0-301F-11D3-BF4B-00C04F79EFBC}") = "ConsoleApp1", "ConsoleApp1\ConsoleApp1.csproj", "{8A509E1A-2328-4C87-B854-BE1EAFDA296C}"
EndProject
Project("{FAE04EC0-301F-11D3-BF4B-00C04F79EFBC}") = "KhadLib1", "KhadLib1\KhadLib1.csproj", "{5464353B-78C4-4A12-BE26-E90FB80A828F}"
	ProjectSection(ProjectDependencies) = postProject
		{8A509E1A-2328-4C87-B854-BE1EAFDA296C} = {8A509E1A-2328-4C87-B854-BE1EAFDA296C}
	EndProjectSection
EndProject
Global
	GlobalSection(SolutionConfigurationPlatforms) = preSolution
		Debug|Any CPU = Debug|Any CPU
		Release|Any CPU = Release|Any CPU
	EndGlobalSection
	GlobalSection(ProjectConfigurationPlatforms) = postSolution
		{8A509E1A-2328-4C87-B854-BE1EAFDA296C}.Debug|Any CPU.ActiveCfg = Debug|Any CPU
		{8A509E1A-2328-4C87-B854-BE1EAFDA296C}.Debug|Any CPU.Build.0 = Debug|Any CPU
		{8A509E1A-2328-4C87-B854-BE1EAFDA296C}.Release|Any CPU.ActiveCfg = Release|Any CPU
		{8A509E1A-2328-4C87-B854-BE1EAFDA296C}.Release|Any CPU.Build.0 = Release|Any CPU
		{5464353B-78C4-4A12-BE26-E90FB80A828F}.Debug|Any CPU.ActiveCfg = Debug|Any CPU
		{5464353B-78C4-4A12-BE26-E90FB80A828F}.Debug|Any CPU.Build.0 = Debug|Any CPU
		{5464353B-78C4-4A12-BE26-E90FB80A828F}.Release|Any CPU.ActiveCfg = Release|Any CPU
		{5464353B-78C4-4A12-BE26-E90FB80A828F}.Release|Any CPU.Build.0 = Release|Any CPU
	EndGlobalSection
	GlobalSection(SolutionProperties) = preSolution
		HideSolutionNode = FALSE
	EndGlobalSection
EndGlobal
